// !$*UTF8*$!
{
	archiveVersion = 1;
	classes = {
	};
	objectVersion = 46;
	objects = {

/* Begin PBXBuildFile section */
		06483FB51FB8CCAC00F39968 /* AppDelegate.swift in Sources */ = {isa = PBXBuildFile; fileRef = 06483FB41FB8CCAC00F39968 /* AppDelegate.swift */; };
		06483FB71FB8CCAC00F39968 /* ViewController.swift in Sources */ = {isa = PBXBuildFile; fileRef = 06483FB61FB8CCAC00F39968 /* ViewController.swift */; };
		06483FBA1FB8CCAC00F39968 /* Main.storyboard in Resources */ = {isa = PBXBuildFile; fileRef = 06483FB81FB8CCAC00F39968 /* Main.storyboard */; };
		06483FBD1FB8CCAC00F39968 /* teste.xcdatamodeld in Sources */ = {isa = PBXBuildFile; fileRef = 06483FBB1FB8CCAC00F39968 /* teste.xcdatamodeld */; };
		06483FBF1FB8CCAC00F39968 /* Assets.xcassets in Resources */ = {isa = PBXBuildFile; fileRef = 06483FBE1FB8CCAC00F39968 /* Assets.xcassets */; };
		06483FC21FB8CCAC00F39968 /* LaunchScreen.storyboard in Resources */ = {isa = PBXBuildFile; fileRef = 06483FC01FB8CCAC00F39968 /* LaunchScreen.storyboard */; };
		06483FCD1FB8CCAC00F39968 /* testeTests.swift in Sources */ = {isa = PBXBuildFile; fileRef = 06483FCC1FB8CCAC00F39968 /* testeTests.swift */; };
		06483FD81FB8CCAC00F39968 /* testeUITests.swift in Sources */ = {isa = PBXBuildFile; fileRef = 06483FD71FB8CCAC00F39968 /* testeUITests.swift */; };
/* End PBXBuildFile section */

/* Begin PBXContainerItemProxy section */
		06483FC91FB8CCAC00F39968 /* PBXContainerItemProxy */ = {
			isa = PBXContainerItemProxy;
			containerPortal = 06483FA91FB8CCAC00F39968 /* Project object */;
			proxyType = 1;
			remoteGlobalIDString = 06483FB01FB8CCAC00F39968;
			remoteInfo = teste;
		};
		06483FD41FB8CCAC00F39968 /* PBXContainerItemProxy */ = {
			isa = PBXContainerItemProxy;
			containerPortal = 06483FA91FB8CCAC00F39968 /* Project object */;
			proxyType = 1;
			remoteGlobalIDString = 06483FB01FB8CCAC00F39968;
			remoteInfo = teste;
		};
/* End PBXContainerItemProxy section */

/* Begin PBXFileReference section */
		06483FB11FB8CCAC00F39968 /* teste.app */ = {isa = PBXFileReference; explicitFileType = wrapper.application; includeInIndex = 0; path = teste.app; sourceTree = BUILT_PRODUCTS_DIR; };
		06483FB41FB8CCAC00F39968 /* AppDelegate.swift */ = {isa = PBXFileReference; lastKnownFileType = sourcecode.swift; path = AppDelegate.swift; sourceTree = "<group>"; };
		06483FB61FB8CCAC00F39968 /* ViewController.swift */ = {isa = PBXFileReference; lastKnownFileType = sourcecode.swift; path = ViewController.swift; sourceTree = "<group>"; };
		06483FB91FB8CCAC00F39968 /* Base */ = {isa = PBXFileReference; lastKnownFileType = file.storyboard; name = Base; path = Base.lproj/Main.storyboard; sourceTree = "<group>"; };
		06483FBC1FB8CCAC00F39968 /* teste.xcdatamodel */ = {isa = PBXFileReference; lastKnownFileType = wrapper.xcdatamodel; path = teste.xcdatamodel; sourceTree = "<group>"; };
		06483FBE1FB8CCAC00F39968 /* Assets.xcassets */ = {isa = PBXFileReference; lastKnownFileType = folder.assetcatalog; path = Assets.xcassets; sourceTree = "<group>"; };
		06483FC11FB8CCAC00F39968 /* Base */ = {isa = PBXFileReference; lastKnownFileType = file.storyboard; name = Base; path = Base.lproj/LaunchScreen.storyboard; sourceTree = "<group>"; };
		06483FC31FB8CCAC00F39968 /* Info.plist */ = {isa = PBXFileReference; lastKnownFileType = text.plist.xml; path = Info.plist; sourceTree = "<group>"; };
		06483FC81FB8CCAC00F39968 /* testeTests.xctest */ = {isa = PBXFileReference; explicitFileType = wrapper.cfbundle; includeInIndex = 0; path = testeTests.xctest; sourceTree = BUILT_PRODUCTS_DIR; };
		06483FCC1FB8CCAC00F39968 /* testeTests.swift */ = {isa = PBXFileReference; lastKnownFileType = sourcecode.swift; path = testeTests.swift; sourceTree = "<group>"; };
		06483FCE1FB8CCAC00F39968 /* Info.plist */ = {isa = PBXFileReference; lastKnownFileType = text.plist.xml; path = Info.plist; sourceTree = "<group>"; };
		06483FD31FB8CCAC00F39968 /* testeUITests.xctest */ = {isa = PBXFileReference; explicitFileType = wrapper.cfbundle; includeInIndex = 0; path = testeUITests.xctest; sourceTree = BUILT_PRODUCTS_DIR; };
		06483FD71FB8CCAC00F39968 /* testeUITests.swift */ = {isa = PBXFileReference; lastKnownFileType = sourcecode.swift; path = testeUITests.swift; sourceTree = "<group>"; };
		06483FD91FB8CCAC00F39968 /* Info.plist */ = {isa = PBXFileReference; lastKnownFileType = text.plist.xml; path = Info.plist; sourceTree = "<group>"; };
/* End PBXFileReference section */

/* Begin PBXFrameworksBuildPhase section */
		06483FAE1FB8CCAC00F39968 /* Frameworks */ = {
			isa = PBXFrameworksBuildPhase;
			buildActionMask = 2147483647;
			files = (
			);
			runOnlyForDeploymentPostprocessing = 0;
		};
		06483FC51FB8CCAC00F39968 /* Frameworks */ = {
			isa = PBXFrameworksBuildPhase;
			buildActionMask = 2147483647;
			files = (
			);
			runOnlyForDeploymentPostprocessing = 0;
		};
		06483FD01FB8CCAC00F39968 /* Frameworks */ = {
			isa = PBXFrameworksBuildPhase;
			buildActionMask = 2147483647;
			files = (
			);
			runOnlyForDeploymentPostprocessing = 0;
		};
/* End PBXFrameworksBuildPhase section */

/* Begin PBXGroup section */
		06483FA81FB8CCAC00F39968 = {
			isa = PBXGroup;
			children = (
				06483FB31FB8CCAC00F39968 /* teste */,
				06483FCB1FB8CCAC00F39968 /* testeTests */,
				06483FD61FB8CCAC00F39968 /* testeUITests */,
				06483FB21FB8CCAC00F39968 /* Products */,
			);
			sourceTree = "<group>";
		};
		06483FB21FB8CCAC00F39968 /* Products */ = {
			isa = PBXGroup;
			children = (
				06483FB11FB8CCAC00F39968 /* teste.app */,
				06483FC81FB8CCAC00F39968 /* testeTests.xctest */,
				06483FD31FB8CCAC00F39968 /* testeUITests.xctest */,
			);
			name = Products;
			sourceTree = "<group>";
		};
		06483FB31FB8CCAC00F39968 /* teste */ = {
			isa = PBXGroup;
			children = (
				06483FB41FB8CCAC00F39968 /* AppDelegate.swift */,
				06483FB61FB8CCAC00F39968 /* ViewController.swift */,
				06483FB81FB8CCAC00F39968 /* Main.storyboard */,
				06483FBE1FB8CCAC00F39968 /* Assets.xcassets */,
				06483FC01FB8CCAC00F39968 /* LaunchScreen.storyboard */,
				06483FC31FB8CCAC00F39968 /* Info.plist */,
				06483FBB1FB8CCAC00F39968 /* teste.xcdatamodeld */,
			);
			path = teste;
			sourceTree = "<group>";
		};
		06483FCB1FB8CCAC00F39968 /* testeTests */ = {
			isa = PBXGroup;
			children = (
				06483FCC1FB8CCAC00F39968 /* testeTests.swift */,
				06483FCE1FB8CCAC00F39968 /* Info.plist */,
			);
			path = testeTests;
			sourceTree = "<group>";
		};
		06483FD61FB8CCAC00F39968 /* testeUITests */ = {
			isa = PBXGroup;
			children = (
				06483FD71FB8CCAC00F39968 /* testeUITests.swift */,
				06483FD91FB8CCAC00F39968 /* Info.plist */,
			);
			path = testeUITests;
			sourceTree = "<group>";
		};
/* End PBXGroup section */

/* Begin PBXNativeTarget section */
		06483FB01FB8CCAC00F39968 /* teste */ = {
			isa = PBXNativeTarget;
			buildConfigurationList = 06483FDC1FB8CCAC00F39968 /* Build configuration list for PBXNativeTarget "teste" */;
			buildPhases = (
				06483FAD1FB8CCAC00F39968 /* Sources */,
				06483FAE1FB8CCAC00F39968 /* Frameworks */,
				06483FAF1FB8CCAC00F39968 /* Resources */,
			);
			buildRules = (
			);
			dependencies = (
			);
			name = teste;
			productName = teste;
			productReference = 06483FB11FB8CCAC00F39968 /* teste.app */;
			productType = "com.apple.product-type.application";
		};
		06483FC71FB8CCAC00F39968 /* testeTests */ = {
			isa = PBXNativeTarget;
			buildConfigurationList = 06483FDF1FB8CCAC00F39968 /* Build configuration list for PBXNativeTarget "testeTests" */;
			buildPhases = (
				06483FC41FB8CCAC00F39968 /* Sources */,
				06483FC51FB8CCAC00F39968 /* Frameworks */,
				06483FC61FB8CCAC00F39968 /* Resources */,
			);
			buildRules = (
			);
			dependencies = (
				06483FCA1FB8CCAC00F39968 /* PBXTargetDependency */,
			);
			name = testeTests;
			productName = testeTests;
			productReference = 06483FC81FB8CCAC00F39968 /* testeTests.xctest */;
			productType = "com.apple.product-type.bundle.unit-test";
		};
		06483FD21FB8CCAC00F39968 /* testeUITests */ = {
			isa = PBXNativeTarget;
			buildConfigurationList = 06483FE21FB8CCAC00F39968 /* Build configuration list for PBXNativeTarget "testeUITests" */;
			buildPhases = (
				06483FCF1FB8CCAC00F39968 /* Sources */,
				06483FD01FB8CCAC00F39968 /* Frameworks */,
				06483FD11FB8CCAC00F39968 /* Resources */,
			);
			buildRules = (
			);
			dependencies = (
				06483FD51FB8CCAC00F39968 /* PBXTargetDependency */,
			);
			name = testeUITests;
			productName = testeUITests;
			productReference = 06483FD31FB8CCAC00F39968 /* testeUITests.xctest */;
			productType = "com.apple.product-type.bundle.ui-testing";
		};
/* End PBXNativeTarget section */

/* Begin PBXProject section */
		06483FA91FB8CCAC00F39968 /* Project object */ = {
			isa = PBXProject;
			attributes = {
				LastSwiftUpdateCheck = 0830;
				LastUpgradeCheck = 0830;
				ORGANIZATIONNAME = "Gustavo Gomes de Oliveira";
				TargetAttributes = {
					06483FB01FB8CCAC00F39968 = {
						CreatedOnToolsVersion = 8.3.2;
						DevelopmentTeam = J5ZWQ2W9CE;
						ProvisioningStyle = Automatic;
					};
					06483FC71FB8CCAC00F39968 = {
						CreatedOnToolsVersion = 8.3.2;
						DevelopmentTeam = J5ZWQ2W9CE;
						ProvisioningStyle = Automatic;
						TestTargetID = 06483FB01FB8CCAC00F39968;
					};
					06483FD21FB8CCAC00F39968 = {
						CreatedOnToolsVersion = 8.3.2;
						DevelopmentTeam = J5ZWQ2W9CE;
						ProvisioningStyle = Automatic;
						TestTargetID = 06483FB01FB8CCAC00F39968;
					};
				};
			};
			buildConfigurationList = 06483FAC1FB8CCAC00F39968 /* Build configuration list for PBXProject "teste" */;
			compatibilityVersion = "Xcode 3.2";
			developmentRegion = English;
			hasScannedForEncodings = 0;
			knownRegions = (
				en,
				Base,
			);
			mainGroup = 06483FA81FB8CCAC00F39968;
			productRefGroup = 06483FB21FB8CCAC00F39968 /* Products */;
			projectDirPath = "";
			projectRoot = "";
			targets = (
				06483FB01FB8CCAC00F39968 /* teste */,
				06483FC71FB8CCAC00F39968 /* testeTests */,
				06483FD21FB8CCAC00F39968 /* testeUITests */,
			);
		};
/* End PBXProject section */

/* Begin PBXResourcesBuildPhase section */
		06483FAF1FB8CCAC00F39968 /* Resources */ = {
			isa = PBXResourcesBuildPhase;
			buildActionMask = 2147483647;
			files = (
				06483FC21FB8CCAC00F39968 /* LaunchScreen.storyboard in Resources */,
				06483FBF1FB8CCAC00F39968 /* Assets.xcassets in Resources */,
				06483FBA1FB8CCAC00F39968 /* Main.storyboard in Resources */,
			);
			runOnlyForDeploymentPostprocessing = 0;
		};
		06483FC61FB8CCAC00F39968 /* Resources */ = {
			isa = PBXResourcesBuildPhase;
			buildActionMask = 2147483647;
			files = (
			);
			runOnlyForDeploymentPostprocessing = 0;
		};
		06483FD11FB8CCAC00F39968 /* Resources */ = {
			isa = PBXResourcesBuildPhase;
			buildActionMask = 2147483647;
			files = (
			);
			runOnlyForDeploymentPostprocessing = 0;
		};
/* End PBXResourcesBuildPhase section */

/* Begin PBXSourcesBuildPhase section */
		06483FAD1FB8CCAC00F39968 /* Sources */ = {
			isa = PBXSourcesBuildPhase;
			buildActionMask = 2147483647;
			files = (
				06483FB71FB8CCAC00F39968 /* ViewController.swift in Sources */,
				06483FBD1FB8CCAC00F39968 /* teste.xcdatamodeld in Sources */,
				06483FB51FB8CCAC00F39968 /* AppDelegate.swift in Sources */,
			);
			runOnlyForDeploymentPostprocessing = 0;
		};
		06483FC41FB8CCAC00F39968 /* Sources */ = {
			isa = PBXSourcesBuildPhase;
			buildActionMask = 2147483647;
			files = (
				06483FCD1FB8CCAC00F39968 /* testeTests.swift in Sources */,
			);
			runOnlyForDeploymentPostprocessing = 0;
		};
		06483FCF1FB8CCAC00F39968 /* Sources */ = {
			isa = PBXSourcesBuildPhase;
			buildActionMask = 2147483647;
			files = (
				06483FD81FB8CCAC00F39968 /* testeUITests.swift in Sources */,
			);
			runOnlyForDeploymentPostprocessing = 0;
		};
/* End PBXSourcesBuildPhase section */

/* Begin PBXTargetDependency section */
		06483FCA1FB8CCAC00F39968 /* PBXTargetDependency */ = {
			isa = PBXTargetDependency;
			target = 06483FB01FB8CCAC00F39968 /* teste */;
			targetProxy = 06483FC91FB8CCAC00F39968 /* PBXContainerItemProxy */;
		};
		06483FD51FB8CCAC00F39968 /* PBXTargetDependency */ = {
			isa = PBXTargetDependency;
			target = 06483FB01FB8CCAC00F39968 /* teste */;
			targetProxy = 06483FD41FB8CCAC00F39968 /* PBXContainerItemProxy */;
		};
/* End PBXTargetDependency section */

/* Begin PBXVariantGroup section */
		06483FB81FB8CCAC00F39968 /* Main.storyboard */ = {
			isa = PBXVariantGroup;
			children = (
				06483FB91FB8CCAC00F39968 /* Base */,
			);
			name = Main.storyboard;
			sourceTree = "<group>";
		};
		06483FC01FB8CCAC00F39968 /* LaunchScreen.storyboard */ = {
			isa = PBXVariantGroup;
			children = (
				06483FC11FB8CCAC00F39968 /* Base */,
			);
			name = LaunchScreen.storyboard;
			sourceTree = "<group>";
		};
/* End PBXVariantGroup section */

/* Begin XCBuildConfiguration section */
		06483FDA1FB8CCAC00F39968 /* Debug */ = {
			isa = XCBuildConfiguration;
			buildSettings = {
				ALWAYS_SEARCH_USER_PATHS = NO;
				CLANG_ANALYZER_NONNULL = YES;
				CLANG_ANALYZER_NUMBER_OBJECT_CONVERSION = YES_AGGRESSIVE;
				CLANG_CXX_LANGUAGE_STANDARD = "gnu++0x";
				CLANG_CXX_LIBRARY = "libc++";
				CLANG_ENABLE_MODULES = YES;
				CLANG_ENABLE_OBJC_ARC = YES;
				CLANG_WARN_BOOL_CONVERSION = YES;
				CLANG_WARN_CONSTANT_CONVERSION = YES;
				CLANG_WARN_DIRECT_OBJC_ISA_USAGE = YES_ERROR;
				CLANG_WARN_DOCUMENTATION_COMMENTS = YES;
				CLANG_WARN_EMPTY_BODY = YES;
				CLANG_WARN_ENUM_CONVERSION = YES;
				CLANG_WARN_INFINITE_RECURSION = YES;
				CLANG_WARN_INT_CONVERSION = YES;
				CLANG_WARN_OBJC_ROOT_CLASS = YES_ERROR;
				CLANG_WARN_SUSPICIOUS_MOVE = YES;
				CLANG_WARN_UNREACHABLE_CODE = YES;
				CLANG_WARN__DUPLICATE_METHOD_MATCH = YES;
				"CODE_SIGN_IDENTITY[sdk=iphoneos*]" = "iPhone Developer";
				COPY_PHASE_STRIP = NO;
				DEBUG_INFORMATION_FORMAT = dwarf;
				ENABLE_STRICT_OBJC_MSGSEND = YES;
				ENABLE_TESTABILITY = YES;
				GCC_C_LANGUAGE_STANDARD = gnu99;
				GCC_DYNAMIC_NO_PIC = NO;
				GCC_NO_COMMON_BLOCKS = YES;
				GCC_OPTIMIZATION_LEVEL = 0;
				GCC_PREPROCESSOR_DEFINITIONS = (
					"DEBUG=1",
					"$(inherited)",
				);
				GCC_WARN_64_TO_32_BIT_CONVERSION = YES;
				GCC_WARN_ABOUT_RETURN_TYPE = YES_ERROR;
				GCC_WARN_UNDECLARED_SELECTOR = YES;
				GCC_WARN_UNINITIALIZED_AUTOS = YES_AGGRESSIVE;
				GCC_WARN_UNUSED_FUNCTION = YES;
				GCC_WARN_UNUSED_VARIABLE = YES;
				IPHONEOS_DEPLOYMENT_TARGET = 10.3;
				MTL_ENABLE_DEBUG_INFO = YES;
				ONLY_ACTIVE_ARCH = YES;
				SDKROOT = iphoneos;
				SWIFT_ACTIVE_COMPILATION_CONDITIONS = DEBUG;
				SWIFT_OPTIMIZATION_LEVEL = "-Onone";
			};
			name = Debug;
		};
		06483FDB1FB8CCAC00F39968 /* Release */ = {
			isa = XCBuildConfiguration;
			buildSettings = {
				ALWAYS_SEARCH_USER_PATHS = NO;
				CLANG_ANALYZER_NONNULL = YES;
				CLANG_ANALYZER_NUMBER_OBJECT_CONVERSION = YES_AGGRESSIVE;
				CLANG_CXX_LANGUAGE_STANDARD = "gnu++0x";
				CLANG_CXX_LIBRARY = "libc++";
				CLANG_ENABLE_MODULES = YES;
				CLANG_ENABLE_OBJC_ARC = YES;
				CLANG_WARN_BOOL_CONVERSION = YES;
				CLANG_WARN_CONSTANT_CONVERSION = YES;
				CLANG_WARN_DIRECT_OBJC_ISA_USAGE = YES_ERROR;
				CLANG_WARN_DOCUMENTATION_COMMENTS = YES;
				CLANG_WARN_EMPTY_BODY = YES;
				CLANG_WARN_ENUM_CONVERSION = YES;
				CLANG_WARN_INFINITE_RECURSION = YES;
				CLANG_WARN_INT_CONVERSION = YES;
				CLANG_WARN_OBJC_ROOT_CLASS = YES_ERROR;
				CLANG_WARN_SUSPICIOUS_MOVE = YES;
				CLANG_WARN_UNREACHABLE_CODE = YES;
				CLANG_WARN__DUPLICATE_METHOD_MATCH = YES;
				"CODE_SIGN_IDENTITY[sdk=iphoneos*]" = "iPhone Developer";
				COPY_PHASE_STRIP = NO;
				DEBUG_INFORMATION_FORMAT = "dwarf-with-dsym";
				ENABLE_NS_ASSERTIONS = NO;
				ENABLE_STRICT_OBJC_MSGSEND = YES;
				GCC_C_LANGUAGE_STANDARD = gnu99;
				GCC_NO_COMMON_BLOCKS = YES;
				GCC_WARN_64_TO_32_BIT_CONVERSION = YES;
				GCC_WARN_ABOUT_RETURN_TYPE = YES_ERROR;
				GCC_WARN_UNDECLARED_SELECTOR = YES;
				GCC_WARN_UNINITIALIZED_AUTOS = YES_AGGRESSIVE;
				GCC_WARN_UNUSED_FUNCTION = YES;
				GCC_WARN_UNUSED_VARIABLE = YES;
				IPHONEOS_DEPLOYMENT_TARGET = 10.3;
				MTL_ENABLE_DEBUG_INFO = NO;
				SDKROOT = iphoneos;
				SWIFT_OPTIMIZATION_LEVEL = "-Owholemodule";
				VALIDATE_PRODUCT = YES;
			};
			name = Release;
		};
		06483FDD1FB8CCAC00F39968 /* Debug */ = {
			isa = XCBuildConfiguration;
			buildSettings = {
				ASSETCATALOG_COMPILER_APPICON_NAME = AppIcon;
				DEVELOPMENT_TEAM = J5ZWQ2W9CE;
				INFOPLIST_FILE = teste/Info.plist;
				LD_RUNPATH_SEARCH_PATHS = "$(inherited) @executable_path/Frameworks";
				PRODUCT_BUNDLE_IDENTIFIER = com.gustavo.teste;
				PRODUCT_NAME = "$(TARGET_NAME)";
				SWIFT_VERSION = 3.0;
			};
			name = Debug;
		};
		06483FDE1FB8CCAC00F39968 /* Release */ = {
			isa = XCBuildConfiguration;
			buildSettings = {
				ASSETCATALOG_COMPILER_APPICON_NAME = AppIcon;
				DEVELOPMENT_TEAM = J5ZWQ2W9CE;
				INFOPLIST_FILE = teste/Info.plist;
				LD_RUNPATH_SEARCH_PATHS = "$(inherited) @executable_path/Frameworks";
				PRODUCT_BUNDLE_IDENTIFIER = com.gustavo.teste;
				PRODUCT_NAME = "$(TARGET_NAME)";
				SWIFT_VERSION = 3.0;
			};
			name = Release;
		};
		06483FE01FB8CCAC00F39968 /* Debug */ = {
			isa = XCBuildConfiguration;
			buildSettings = {
				ALWAYS_EMBED_SWIFT_STANDARD_LIBRARIES = YES;
				BUNDLE_LOADER = "$(TEST_HOST)";
				DEVELOPMENT_TEAM = J5ZWQ2W9CE;
				INFOPLIST_FILE = testeTests/Info.plist;
				LD_RUNPATH_SEARCH_PATHS = "$(inherited) @executable_path/Frameworks @loader_path/Frameworks";
				PRODUCT_BUNDLE_IDENTIFIER = com.gustavo.testeTests;
				PRODUCT_NAME = "$(TARGET_NAME)";
				SWIFT_VERSION = 3.0;
				TEST_HOST = "$(BUILT_PRODUCTS_DIR)/teste.app/teste";
			};
			name = Debug;
		};
		06483FE11FB8CCAC00F39968 /* Release */ = {
			isa = XCBuildConfiguration;
			buildSettings = {
				ALWAYS_EMBED_SWIFT_STANDARD_LIBRARIES = YES;
				BUNDLE_LOADER = "$(TEST_HOST)";
				DEVELOPMENT_TEAM = J5ZWQ2W9CE;
				INFOPLIST_FILE = testeTests/Info.plist;
				LD_RUNPATH_SEARCH_PATHS = "$(inherited) @executable_path/Frameworks @loader_path/Frameworks";
				PRODUCT_BUNDLE_IDENTIFIER = com.gustavo.testeTests;
				PRODUCT_NAME = "$(TARGET_NAME)";
				SWIFT_VERSION = 3.0;
				TEST_HOST = "$(BUILT_PRODUCTS_DIR)/teste.app/teste";
			};
			name = Release;
		};
		06483FE31FB8CCAC00F39968 /* Debug */ = {
			isa = XCBuildConfiguration;
			buildSettings = {
				ALWAYS_EMBED_SWIFT_STANDARD_LIBRARIES = YES;
				DEVELOPMENT_TEAM = J5ZWQ2W9CE;
				INFOPLIST_FILE = testeUITests/Info.plist;
				LD_RUNPATH_SEARCH_PATHS = "$(inherited) @executable_path/Frameworks @loader_path/Frameworks";
				PRODUCT_BUNDLE_IDENTIFIER = com.gustavo.testeUITests;
				PRODUCT_NAME = "$(TARGET_NAME)";
				SWIFT_VERSION = 3.0;
				TEST_TARGET_NAME = teste;
			};
			name = Debug;
		};
		06483FE41FB8CCAC00F39968 /* Release */ = {
			isa = XCBuildConfiguration;
			buildSettings = {
				ALWAYS_EMBED_SWIFT_STANDARD_LIBRARIES = YES;
				DEVELOPMENT_TEAM = J5ZWQ2W9CE;
				INFOPLIST_FILE = testeUITests/Info.plist;
				LD_RUNPATH_SEARCH_PATHS = "$(inherited) @executable_path/Frameworks @loader_path/Frameworks";
				PRODUCT_BUNDLE_IDENTIFIER = com.gustavo.testeUITests;
				PRODUCT_NAME = "$(TARGET_NAME)";
				SWIFT_VERSION = 3.0;
				TEST_TARGET_NAME = teste;
			};
			name = Release;
		};
/* End XCBuildConfiguration section */

/* Begin XCConfigurationList section */
		06483FAC1FB8CCAC00F39968 /* Build configuration list for PBXProject "teste" */ = {
			isa = XCConfigurationList;
			buildConfigurations = (
				06483FDA1FB8CCAC00F39968 /* Debug */,
				06483FDB1FB8CCAC00F39968 /* Release */,
			);
			defaultConfigurationIsVisible = 0;
			defaultConfigurationName = Release;
		};
		06483FDC1FB8CCAC00F39968 /* Build configuration list for PBXNativeTarget "teste" */ = {
			isa = XCConfigurationList;
			buildConfigurations = (
				06483FDD1FB8CCAC00F39968 /* Debug */,
				06483FDE1FB8CCAC00F39968 /* Release */,
			);
			defaultConfigurationIsVisible = 0;
		};
		06483FDF1FB8CCAC00F39968 /* Build configuration list for PBXNativeTarget "testeTests" */ = {
			isa = XCConfigurationList;
			buildConfigurations = (
				06483FE01FB8CCAC00F39968 /* Debug */,
				06483FE11FB8CCAC00F39968 /* Release */,
			);
			defaultConfigurationIsVisible = 0;
		};
		06483FE21FB8CCAC00F39968 /* Build configuration list for PBXNativeTarget "testeUITests" */ = {
			isa = XCConfigurationList;
			buildConfigurations = (
				06483FE31FB8CCAC00F39968 /* Debug */,
				06483FE41FB8CCAC00F39968 /* Release */,
			);
			defaultConfigurationIsVisible = 0;
		};
/* End XCConfigurationList section */

/* Begin XCVersionGroup section */
		06483FBB1FB8CCAC00F39968 /* teste.xcdatamodeld */ = {
			isa = XCVersionGroup;
			children = (
				06483FBC1FB8CCAC00F39968 /* teste.xcdatamodel */,
			);
			currentVersion = 06483FBC1FB8CCAC00F39968 /* teste.xcdatamodel */;
			path = teste.xcdatamodeld;
			sourceTree = "<group>";
			versionGroupType = wrapper.xcdatamodel;
		};
/* End XCVersionGroup section */
	};
	rootObject = 06483FA91FB8CCAC00F39968 /* Project object */;
}
